// !$*UTF8*$!
{
	archiveVersion = 1;
	classes = {
	};
	objectVersion = 46;
	objects = {

/* Begin PBXBuildFile section */
		4D00DD181E4ECF11006BC916 /* AppDelegate.swift in Sources */ = {isa = PBXBuildFile; fileRef = 4D00DD171E4ECF11006BC916 /* AppDelegate.swift */; };
		4D00DD1A1E4ECF11006BC916 /* SignInVC.swift in Sources */ = {isa = PBXBuildFile; fileRef = 4D00DD191E4ECF11006BC916 /* SignInVC.swift */; };
		4D00DD1D1E4ECF11006BC916 /* Main.storyboard in Resources */ = {isa = PBXBuildFile; fileRef = 4D00DD1B1E4ECF11006BC916 /* Main.storyboard */; };
		4D00DD1F1E4ECF11006BC916 /* Assets.xcassets in Resources */ = {isa = PBXBuildFile; fileRef = 4D00DD1E1E4ECF11006BC916 /* Assets.xcassets */; };
		4D00DD221E4ECF11006BC916 /* LaunchScreen.storyboard in Resources */ = {isa = PBXBuildFile; fileRef = 4D00DD201E4ECF11006BC916 /* LaunchScreen.storyboard */; };
		4D00DD2A1E4ECF7D006BC916 /* GoogleService-Info.plist in Resources */ = {isa = PBXBuildFile; fileRef = 4D00DD291E4ECF7D006BC916 /* GoogleService-Info.plist */; };
		4D2E459D1E4EE74F0048E2DD /* FancyView.swift in Sources */ = {isa = PBXBuildFile; fileRef = 4D2E459C1E4EE74F0048E2DD /* FancyView.swift */; };
		4D2E459F1E4EEAA30048E2DD /* Constants.swift in Sources */ = {isa = PBXBuildFile; fileRef = 4D2E459E1E4EEAA30048E2DD /* Constants.swift */; };
		4D2E45A21E4EECB30048E2DD /* RoundBtn.swift in Sources */ = {isa = PBXBuildFile; fileRef = 4D2E45A11E4EECB30048E2DD /* RoundBtn.swift */; };
		4D2E45A41E4EEDDF0048E2DD /* FancyField.swift in Sources */ = {isa = PBXBuildFile; fileRef = 4D2E45A31E4EEDDF0048E2DD /* FancyField.swift */; };
		4D2E45A61E4EEEB30048E2DD /* FancyBtn.swift in Sources */ = {isa = PBXBuildFile; fileRef = 4D2E45A51E4EEEB30048E2DD /* FancyBtn.swift */; };
		4D71B9FC1E5F097800511559 /* FeedVC.swift in Sources */ = {isa = PBXBuildFile; fileRef = 4D71B9FB1E5F097800511559 /* FeedVC.swift */; };
		9F7A5E9D4E86031285B08E49 /* Pods_Lingo_01.framework in Frameworks */ = {isa = PBXBuildFile; fileRef = 9AF623E23DB33D23D6FD2545 /* Pods_Lingo_01.framework */; };
/* End PBXBuildFile section */

/* Begin PBXFileReference section */
		4D00DD141E4ECF11006BC916 /* Lingo_01.app */ = {isa = PBXFileReference; explicitFileType = wrapper.application; includeInIndex = 0; path = Lingo_01.app; sourceTree = BUILT_PRODUCTS_DIR; };
		4D00DD171E4ECF11006BC916 /* AppDelegate.swift */ = {isa = PBXFileReference; lastKnownFileType = sourcecode.swift; path = AppDelegate.swift; sourceTree = "<group>"; };
		4D00DD191E4ECF11006BC916 /* SignInVC.swift */ = {isa = PBXFileReference; lastKnownFileType = sourcecode.swift; path = SignInVC.swift; sourceTree = "<group>"; };
		4D00DD1C1E4ECF11006BC916 /* Base */ = {isa = PBXFileReference; lastKnownFileType = file.storyboard; name = Base; path = Base.lproj/Main.storyboard; sourceTree = "<group>"; };
		4D00DD1E1E4ECF11006BC916 /* Assets.xcassets */ = {isa = PBXFileReference; lastKnownFileType = folder.assetcatalog; path = Assets.xcassets; sourceTree = "<group>"; };
		4D00DD211E4ECF11006BC916 /* Base */ = {isa = PBXFileReference; lastKnownFileType = file.storyboard; name = Base; path = Base.lproj/LaunchScreen.storyboard; sourceTree = "<group>"; };
		4D00DD231E4ECF11006BC916 /* Info.plist */ = {isa = PBXFileReference; lastKnownFileType = text.plist.xml; path = Info.plist; sourceTree = "<group>"; };
		4D00DD291E4ECF7D006BC916 /* GoogleService-Info.plist */ = {isa = PBXFileReference; fileEncoding = 4; lastKnownFileType = text.plist.xml; path = "GoogleService-Info.plist"; sourceTree = "<group>"; };
		4D2E459C1E4EE74F0048E2DD /* FancyView.swift */ = {isa = PBXFileReference; fileEncoding = 4; lastKnownFileType = sourcecode.swift; path = FancyView.swift; sourceTree = "<group>"; };
		4D2E459E1E4EEAA30048E2DD /* Constants.swift */ = {isa = PBXFileReference; fileEncoding = 4; lastKnownFileType = sourcecode.swift; path = Constants.swift; sourceTree = "<group>"; };
		4D2E45A11E4EECB30048E2DD /* RoundBtn.swift */ = {isa = PBXFileReference; fileEncoding = 4; lastKnownFileType = sourcecode.swift; name = RoundBtn.swift; path = ../RoundBtn.swift; sourceTree = "<group>"; };
		4D2E45A31E4EEDDF0048E2DD /* FancyField.swift */ = {isa = PBXFileReference; fileEncoding = 4; lastKnownFileType = sourcecode.swift; path = FancyField.swift; sourceTree = "<group>"; };
		4D2E45A51E4EEEB30048E2DD /* FancyBtn.swift */ = {isa = PBXFileReference; fileEncoding = 4; lastKnownFileType = sourcecode.swift; path = FancyBtn.swift; sourceTree = "<group>"; };
		4D71B9FA1E55DA2900511559 /* Lingo_01.entitlements */ = {isa = PBXFileReference; lastKnownFileType = text.plist.entitlements; path = Lingo_01.entitlements; sourceTree = "<group>"; };
		4D71B9FB1E5F097800511559 /* FeedVC.swift */ = {isa = PBXFileReference; fileEncoding = 4; lastKnownFileType = sourcecode.swift; path = FeedVC.swift; sourceTree = "<group>"; };
		8B8D8A6A43B10A2678352229 /* Pods-Lingo_01.debug.xcconfig */ = {isa = PBXFileReference; includeInIndex = 1; lastKnownFileType = text.xcconfig; name = "Pods-Lingo_01.debug.xcconfig"; path = "Pods/Target Support Files/Pods-Lingo_01/Pods-Lingo_01.debug.xcconfig"; sourceTree = "<group>"; };
		9AF623E23DB33D23D6FD2545 /* Pods_Lingo_01.framework */ = {isa = PBXFileReference; explicitFileType = wrapper.framework; includeInIndex = 0; path = Pods_Lingo_01.framework; sourceTree = BUILT_PRODUCTS_DIR; };
		D1DA1F5657C8656A8559AD0C /* Pods-Lingo_01.release.xcconfig */ = {isa = PBXFileReference; includeInIndex = 1; lastKnownFileType = text.xcconfig; name = "Pods-Lingo_01.release.xcconfig"; path = "Pods/Target Support Files/Pods-Lingo_01/Pods-Lingo_01.release.xcconfig"; sourceTree = "<group>"; };
/* End PBXFileReference section */

/* Begin PBXFrameworksBuildPhase section */
		4D00DD111E4ECF10006BC916 /* Frameworks */ = {
			isa = PBXFrameworksBuildPhase;
			buildActionMask = 2147483647;
			files = (
				9F7A5E9D4E86031285B08E49 /* Pods_Lingo_01.framework in Frameworks */,
			);
			runOnlyForDeploymentPostprocessing = 0;
		};
/* End PBXFrameworksBuildPhase section */

/* Begin PBXGroup section */
		0D43802C8650990FC25ABDFE /* Pods */ = {
			isa = PBXGroup;
			children = (
				8B8D8A6A43B10A2678352229 /* Pods-Lingo_01.debug.xcconfig */,
				D1DA1F5657C8656A8559AD0C /* Pods-Lingo_01.release.xcconfig */,
			);
			name = Pods;
			sourceTree = "<group>";
		};
		4D00DD0B1E4ECF10006BC916 = {
			isa = PBXGroup;
			children = (
				4D00DD161E4ECF11006BC916 /* Lingo_01 */,
				4D00DD151E4ECF11006BC916 /* Products */,
				0D43802C8650990FC25ABDFE /* Pods */,
				83F41F3BE7BC71AF85B7FB8E /* Frameworks */,
			);
			sourceTree = "<group>";
		};
		4D00DD151E4ECF11006BC916 /* Products */ = {
			isa = PBXGroup;
			children = (
				4D00DD141E4ECF11006BC916 /* Lingo_01.app */,
			);
			name = Products;
			sourceTree = "<group>";
		};
		4D00DD161E4ECF11006BC916 /* Lingo_01 */ = {
			isa = PBXGroup;
			children = (
				4D71B9FA1E55DA2900511559 /* Lingo_01.entitlements */,
				4D2E45A01E4EEAC40048E2DD /* Utility */,
				4D2E459B1E4ED25E0048E2DD /* Controller */,
				4D2E459A1E4ED2400048E2DD /* View */,
				4D2E45991E4ED2370048E2DD /* Model */,
				4D00DD171E4ECF11006BC916 /* AppDelegate.swift */,
				4D00DD1B1E4ECF11006BC916 /* Main.storyboard */,
				4D00DD1E1E4ECF11006BC916 /* Assets.xcassets */,
				4D00DD201E4ECF11006BC916 /* LaunchScreen.storyboard */,
				4D00DD231E4ECF11006BC916 /* Info.plist */,
				4D00DD291E4ECF7D006BC916 /* GoogleService-Info.plist */,
			);
			path = Lingo_01;
			sourceTree = "<group>";
		};
		4D2E45991E4ED2370048E2DD /* Model */ = {
			isa = PBXGroup;
			children = (
			);
			name = Model;
			sourceTree = "<group>";
		};
		4D2E459A1E4ED2400048E2DD /* View */ = {
			isa = PBXGroup;
			children = (
				4D2E45A31E4EEDDF0048E2DD /* FancyField.swift */,
				4D2E459C1E4EE74F0048E2DD /* FancyView.swift */,
				4D2E45A11E4EECB30048E2DD /* RoundBtn.swift */,
				4D2E45A51E4EEEB30048E2DD /* FancyBtn.swift */,
			);
			name = View;
			sourceTree = "<group>";
		};
		4D2E459B1E4ED25E0048E2DD /* Controller */ = {
			isa = PBXGroup;
			children = (
				4D00DD191E4ECF11006BC916 /* SignInVC.swift */,
				4D71B9FB1E5F097800511559 /* FeedVC.swift */,
			);
			name = Controller;
			sourceTree = "<group>";
		};
		4D2E45A01E4EEAC40048E2DD /* Utility */ = {
			isa = PBXGroup;
			children = (
				4D2E459E1E4EEAA30048E2DD /* Constants.swift */,
			);
			name = Utility;
			sourceTree = "<group>";
		};
		83F41F3BE7BC71AF85B7FB8E /* Frameworks */ = {
			isa = PBXGroup;
			children = (
				9AF623E23DB33D23D6FD2545 /* Pods_Lingo_01.framework */,
			);
			name = Frameworks;
			sourceTree = "<group>";
		};
/* End PBXGroup section */

/* Begin PBXNativeTarget section */
		4D00DD131E4ECF10006BC916 /* Lingo_01 */ = {
			isa = PBXNativeTarget;
			buildConfigurationList = 4D00DD261E4ECF11006BC916 /* Build configuration list for PBXNativeTarget "Lingo_01" */;
			buildPhases = (
				B3A45EE1176760AA58570E1C /* [CP] Check Pods Manifest.lock */,
				4D00DD101E4ECF10006BC916 /* Sources */,
				4D00DD111E4ECF10006BC916 /* Frameworks */,
				4D00DD121E4ECF10006BC916 /* Resources */,
				B349333B39C7BF76CAD9D795 /* [CP] Embed Pods Frameworks */,
				2F11B9B01D9E2687FC5A194F /* [CP] Copy Pods Resources */,
			);
			buildRules = (
			);
			dependencies = (
			);
			name = Lingo_01;
			productName = Lingo_01;
			productReference = 4D00DD141E4ECF11006BC916 /* Lingo_01.app */;
			productType = "com.apple.product-type.application";
		};
/* End PBXNativeTarget section */

/* Begin PBXProject section */
		4D00DD0C1E4ECF10006BC916 /* Project object */ = {
			isa = PBXProject;
			attributes = {
				LastSwiftUpdateCheck = 0810;
				LastUpgradeCheck = 0810;
				ORGANIZATIONNAME = WuKaipeng;
				TargetAttributes = {
					4D00DD131E4ECF10006BC916 = {
						CreatedOnToolsVersion = 8.1;
						DevelopmentTeam = D5XF8EMX6S;
						LastSwiftMigration = 0810;
						ProvisioningStyle = Automatic;
						SystemCapabilities = {
							com.apple.Keychain = {
								enabled = 1;
							};
						};
					};
				};
			};
			buildConfigurationList = 4D00DD0F1E4ECF10006BC916 /* Build configuration list for PBXProject "Lingo_01" */;
			compatibilityVersion = "Xcode 3.2";
			developmentRegion = English;
			hasScannedForEncodings = 0;
			knownRegions = (
				en,
				Base,
			);
			mainGroup = 4D00DD0B1E4ECF10006BC916;
			productRefGroup = 4D00DD151E4ECF11006BC916 /* Products */;
			projectDirPath = "";
			projectRoot = "";
			targets = (
				4D00DD131E4ECF10006BC916 /* Lingo_01 */,
			);
		};
/* End PBXProject section */

/* Begin PBXResourcesBuildPhase section */
		4D00DD121E4ECF10006BC916 /* Resources */ = {
			isa = PBXResourcesBuildPhase;
			buildActionMask = 2147483647;
			files = (
				4D00DD221E4ECF11006BC916 /* LaunchScreen.storyboard in Resources */,
				4D00DD2A1E4ECF7D006BC916 /* GoogleService-Info.plist in Resources */,
				4D00DD1F1E4ECF11006BC916 /* Assets.xcassets in Resources */,
				4D00DD1D1E4ECF11006BC916 /* Main.storyboard in Resources */,
			);
			runOnlyForDeploymentPostprocessing = 0;
		};
/* End PBXResourcesBuildPhase section */

/* Begin PBXShellScriptBuildPhase section */
		2F11B9B01D9E2687FC5A194F /* [CP] Copy Pods Resources */ = {
			isa = PBXShellScriptBuildPhase;
			buildActionMask = 2147483647;
			files = (
			);
			inputPaths = (
			);
			name = "[CP] Copy Pods Resources";
			outputPaths = (
			);
			runOnlyForDeploymentPostprocessing = 0;
			shellPath = /bin/sh;
			shellScript = "\"${SRCROOT}/Pods/Target Support Files/Pods-Lingo_01/Pods-Lingo_01-resources.sh\"\n";
			showEnvVarsInLog = 0;
		};
		B349333B39C7BF76CAD9D795 /* [CP] Embed Pods Frameworks */ = {
			isa = PBXShellScriptBuildPhase;
			buildActionMask = 2147483647;
			files = (
			);
			inputPaths = (
			);
			name = "[CP] Embed Pods Frameworks";
			outputPaths = (
			);
			runOnlyForDeploymentPostprocessing = 0;
			shellPath = /bin/sh;
			shellScript = "\"${SRCROOT}/Pods/Target Support Files/Pods-Lingo_01/Pods-Lingo_01-frameworks.sh\"\n";
			showEnvVarsInLog = 0;
		};
		B3A45EE1176760AA58570E1C /* [CP] Check Pods Manifest.lock */ = {
			isa = PBXShellScriptBuildPhase;
			buildActionMask = 2147483647;
			files = (
			);
			inputPaths = (
			);
			name = "[CP] Check Pods Manifest.lock";
			outputPaths = (
			);
			runOnlyForDeploymentPostprocessing = 0;
			shellPath = /bin/sh;
			shellScript = "diff \"${PODS_ROOT}/../Podfile.lock\" \"${PODS_ROOT}/Manifest.lock\" > /dev/null\nif [[ $? != 0 ]] ; then\n    cat << EOM\nerror: The sandbox is not in sync with the Podfile.lock. Run 'pod install' or update your CocoaPods installation.\nEOM\n    exit 1\nfi\n";
			showEnvVarsInLog = 0;
		};
/* End PBXShellScriptBuildPhase section */

/* Begin PBXSourcesBuildPhase section */
		4D00DD101E4ECF10006BC916 /* Sources */ = {
			isa = PBXSourcesBuildPhase;
			buildActionMask = 2147483647;
			files = (
				4D2E45A41E4EEDDF0048E2DD /* FancyField.swift in Sources */,
				4D00DD1A1E4ECF11006BC916 /* SignInVC.swift in Sources */,
				4D2E45A21E4EECB30048E2DD /* RoundBtn.swift in Sources */,
				4D00DD181E4ECF11006BC916 /* AppDelegate.swift in Sources */,
				4D71B9FC1E5F097800511559 /* FeedVC.swift in Sources */,
				4D2E459D1E4EE74F0048E2DD /* FancyView.swift in Sources */,
				4D2E459F1E4EEAA30048E2DD /* Constants.swift in Sources */,
				4D2E45A61E4EEEB30048E2DD /* FancyBtn.swift in Sources */,
			);
			runOnlyForDeploymentPostprocessing = 0;
		};
/* End PBXSourcesBuildPhase section */

/* Begin PBXVariantGroup section */
		4D00DD1B1E4ECF11006BC916 /* Main.storyboard */ = {
			isa = PBXVariantGroup;
			children = (
				4D00DD1C1E4ECF11006BC916 /* Base */,
			);
			name = Main.storyboard;
			sourceTree = "<group>";
		};
		4D00DD201E4ECF11006BC916 /* LaunchScreen.storyboard */ = {
			isa = PBXVariantGroup;
			children = (
				4D00DD211E4ECF11006BC916 /* Base */,
			);
			name = LaunchScreen.storyboard;
			sourceTree = "<group>";
		};
/* End PBXVariantGroup section */

/* Begin XCBuildConfiguration section */
		4D00DD241E4ECF11006BC916 /* Debug */ = {
			isa = XCBuildConfiguration;
			buildSettings = {
				ALWAYS_SEARCH_USER_PATHS = NO;
				CLANG_ANALYZER_NONNULL = YES;
				CLANG_CXX_LANGUAGE_STANDARD = "gnu++0x";
				CLANG_CXX_LIBRARY = "libc++";
				CLANG_ENABLE_MODULES = YES;
				CLANG_ENABLE_OBJC_ARC = YES;
				CLANG_WARN_BOOL_CONVERSION = YES;
				CLANG_WARN_CONSTANT_CONVERSION = YES;
				CLANG_WARN_DIRECT_OBJC_ISA_USAGE = YES_ERROR;
				CLANG_WARN_DOCUMENTATION_COMMENTS = YES;
				CLANG_WARN_EMPTY_BODY = YES;
				CLANG_WARN_ENUM_CONVERSION = YES;
				CLANG_WARN_INFINITE_RECURSION = YES;
				CLANG_WARN_INT_CONVERSION = YES;
				CLANG_WARN_OBJC_ROOT_CLASS = YES_ERROR;
				CLANG_WARN_SUSPICIOUS_MOVES = YES;
				CLANG_WARN_UNREACHABLE_CODE = YES;
				CLANG_WARN__DUPLICATE_METHOD_MATCH = YES;
				"CODE_SIGN_IDENTITY[sdk=iphoneos*]" = "iPhone Developer";
				COPY_PHASE_STRIP = NO;
				DEBUG_INFORMATION_FORMAT = dwarf;
				ENABLE_STRICT_OBJC_MSGSEND = YES;
				ENABLE_TESTABILITY = YES;
				GCC_C_LANGUAGE_STANDARD = gnu99;
				GCC_DYNAMIC_NO_PIC = NO;
				GCC_NO_COMMON_BLOCKS = YES;
				GCC_OPTIMIZATION_LEVEL = 0;
				GCC_PREPROCESSOR_DEFINITIONS = (
					"DEBUG=1",
					"$(inherited)",
				);
				GCC_WARN_64_TO_32_BIT_CONVERSION = YES;
				GCC_WARN_ABOUT_RETURN_TYPE = YES_ERROR;
				GCC_WARN_UNDECLARED_SELECTOR = YES;
				GCC_WARN_UNINITIALIZED_AUTOS = YES_AGGRESSIVE;
				GCC_WARN_UNUSED_FUNCTION = YES;
				GCC_WARN_UNUSED_VARIABLE = YES;
				IPHONEOS_DEPLOYMENT_TARGET = 10.1;
				MTL_ENABLE_DEBUG_INFO = YES;
				ONLY_ACTIVE_ARCH = YES;
				SDKROOT = iphoneos;
				SWIFT_ACTIVE_COMPILATION_CONDITIONS = DEBUG;
				SWIFT_OPTIMIZATION_LEVEL = "-Onone";
			};
			name = Debug;
		};
		4D00DD251E4ECF11006BC916 /* Release */ = {
			isa = XCBuildConfiguration;
			buildSettings = {
				ALWAYS_SEARCH_USER_PATHS = NO;
				CLANG_ANALYZER_NONNULL = YES;
				CLANG_CXX_LANGUAGE_STANDARD = "gnu++0x";
				CLANG_CXX_LIBRARY = "libc++";
				CLANG_ENABLE_MODULES = YES;
				CLANG_ENABLE_OBJC_ARC = YES;
				CLANG_WARN_BOOL_CONVERSION = YES;
				CLANG_WARN_CONSTANT_CONVERSION = YES;
				CLANG_WARN_DIRECT_OBJC_ISA_USAGE = YES_ERROR;
				CLANG_WARN_DOCUMENTATION_COMMENTS = YES;
				CLANG_WARN_EMPTY_BODY = YES;
				CLANG_WARN_ENUM_CONVERSION = YES;
				CLANG_WARN_INFINITE_RECURSION = YES;
				CLANG_WARN_INT_CONVERSION = YES;
				CLANG_WARN_OBJC_ROOT_CLASS = YES_ERROR;
				CLANG_WARN_SUSPICIOUS_MOVES = YES;
				CLANG_WARN_UNREACHABLE_CODE = YES;
				CLANG_WARN__DUPLICATE_METHOD_MATCH = YES;
				"CODE_SIGN_IDENTITY[sdk=iphoneos*]" = "iPhone Developer";
				COPY_PHASE_STRIP = NO;
				DEBUG_INFORMATION_FORMAT = "dwarf-with-dsym";
				ENABLE_NS_ASSERTIONS = NO;
				ENABLE_STRICT_OBJC_MSGSEND = YES;
				GCC_C_LANGUAGE_STANDARD = gnu99;
				GCC_NO_COMMON_BLOCKS = YES;
				GCC_WARN_64_TO_32_BIT_CONVERSION = YES;
				GCC_WARN_ABOUT_RETURN_TYPE = YES_ERROR;
				GCC_WARN_UNDECLARED_SELECTOR = YES;
				GCC_WARN_UNINITIALIZED_AUTOS = YES_AGGRESSIVE;
				GCC_WARN_UNUSED_FUNCTION = YES;
				GCC_WARN_UNUSED_VARIABLE = YES;
				IPHONEOS_DEPLOYMENT_TARGET = 10.1;
				MTL_ENABLE_DEBUG_INFO = NO;
				SDKROOT = iphoneos;
				SWIFT_OPTIMIZATION_LEVEL = "-Owholemodule";
				VALIDATE_PRODUCT = YES;
			};
			name = Release;
		};
		4D00DD271E4ECF11006BC916 /* Debug */ = {
			isa = XCBuildConfiguration;
			baseConfigurationReference = 8B8D8A6A43B10A2678352229 /* Pods-Lingo_01.debug.xcconfig */;
			buildSettings = {
				ASSETCATALOG_COMPILER_APPICON_NAME = AppIcon;
				CODE_SIGN_ENTITLEMENTS = Lingo_01/Lingo_01.entitlements;
				DEVELOPMENT_TEAM = D5XF8EMX6S;
				INFOPLIST_FILE = Lingo_01/Info.plist;
				LD_RUNPATH_SEARCH_PATHS = "$(inherited) @executable_path/Frameworks";
				PRODUCT_BUNDLE_IDENTIFIER = "com.kaip598.Lingo-01";
				PRODUCT_NAME = "$(TARGET_NAME)";
				SWIFT_VERSION = 3.0;
			};
			name = Debug;
		};
		4D00DD281E4ECF11006BC916 /* Release */ = {
			isa = XCBuildConfiguration;
			baseConfigurationReference = D1DA1F5657C8656A8559AD0C /* Pods-Lingo_01.release.xcconfig */;
			buildSettings = {
				ASSETCATALOG_COMPILER_APPICON_NAME = AppIcon;
				CODE_SIGN_ENTITLEMENTS = Lingo_01/Lingo_01.entitlements;
				DEVELOPMENT_TEAM = D5XF8EMX6S;
				INFOPLIST_FILE = Lingo_01/Info.plist;
				LD_RUNPATH_SEARCH_PATHS = "$(inherited) @executable_path/Frameworks";
				PRODUCT_BUNDLE_IDENTIFIER = "com.kaip598.Lingo-01";
				PRODUCT_NAME = "$(TARGET_NAME)";
				SWIFT_VERSION = 3.0;
			};
			name = Release;
		};
/* End XCBuildConfiguration section */

/* Begin XCConfigurationList section */
		4D00DD0F1E4ECF10006BC916 /* Build configuration list for PBXProject "Lingo_01" */ = {
			isa = XCConfigurationList;
			buildConfigurations = (
				4D00DD241E4ECF11006BC916 /* Debug */,
				4D00DD251E4ECF11006BC916 /* Release */,
			);
			defaultConfigurationIsVisible = 0;
			defaultConfigurationName = Release;
		};
		4D00DD261E4ECF11006BC916 /* Build configuration list for PBXNativeTarget "Lingo_01" */ = {
			isa = XCConfigurationList;
			buildConfigurations = (
				4D00DD271E4ECF11006BC916 /* Debug */,
				4D00DD281E4ECF11006BC916 /* Release */,
			);
			defaultConfigurationIsVisible = 0;
			defaultConfigurationName = Release;
		};
/* End XCConfigurationList section */
	};
	rootObject = 4D00DD0C1E4ECF10006BC916 /* Project object */;
}
